
Microsoft Visual Studio Solution File, Format Version 12.00
# Visual Studio Version 16
VisualStudioVersion = 16.0.31313.79
MinimumVisualStudioVersion = 10.0.40219.1
Project("{8BC9CEB8-8B4A-11D0-8D11-00A0C91BC942}") = "Project5", "Project5\Project5.vcxproj", "{C343E6FA-ECB7-496A-990E-D8A0A9803819}"
EndProject
Global
	GlobalSection(SolutionConfigurationPlatforms) = preSolution
		Debug|x64 = Debug|x64
		Debug|x86 = Debug|x86
		Release|x64 = Release|x64
		Release|x86 = Release|x86
	EndGlobalSection
	GlobalSection(ProjectConfigurationPlatforms) = postSolution
		{C343E6FA-ECB7-496A-990E-D8A0A9803819}.Debug|x64.ActiveCfg = Debug|x64
		{C343E6FA-ECB7-496A-990E-D8A0A9803819}.Debug|x64.Build.0 = Debug|x64
		{C343E6FA-ECB7-496A-990E-D8A0A9803819}.Debug|x86.ActiveCfg = Debug|Win32
		{C343E6FA-ECB7-496A-990E-D8A0A9803819}.Debug|x86.Build.0 = Debug|Win32
		{C343E6FA-ECB7-496A-990E-D8A0A9803819}.Release|x64.ActiveCfg = Release|x64
		{C343E6FA-ECB7-496A-990E-D8A0A9803819}.Release|x64.Build.0 = Release|x64
		{C343E6FA-ECB7-496A-990E-D8A0A9803819}.Release|x86.ActiveCfg = Release|Win32
		{C343E6FA-ECB7-496A-990E-D8A0A9803819}.Release|x86.Build.0 = Release|Win32
	EndGlobalSection
	GlobalSection(SolutionProperties) = preSolution
		HideSolutionNode = FALSE
	EndGlobalSection
	GlobalSection(ExtensibilityGlobals) = postSolution
		SolutionGuid = {7AA2B43D-5FAA-4B12-847D-78101886D7DA}
	EndGlobalSection
EndGlobal
